
Microsoft Visual Studio Solution File, Format Version 12.00
# Visual Studio Version 17
VisualStudioVersion = 17.9.34616.47
MinimumVisualStudioVersion = 10.0.40219.1
Project("{FAE04EC0-301F-11D3-BF4B-00C04F79EFBC}") = "BookstoreApp 20.03 exam", "BookstoreApp 20.03 exam\BookstoreApp 20.03 exam.csproj", "{16D7CAE2-DB45-488A-A0CD-D573578525FB}"
EndProject
Global
	GlobalSection(SolutionConfigurationPlatforms) = preSolution
		Debug|Any CPU = Debug|Any CPU
		Release|Any CPU = Release|Any CPU
	EndGlobalSection
	GlobalSection(ProjectConfigurationPlatforms) = postSolution
		{16D7CAE2-DB45-488A-A0CD-D573578525FB}.Debug|Any CPU.ActiveCfg = Debug|Any CPU
		{16D7CAE2-DB45-488A-A0CD-D573578525FB}.Debug|Any CPU.Build.0 = Debug|Any CPU
		{16D7CAE2-DB45-488A-A0CD-D573578525FB}.Release|Any CPU.ActiveCfg = Release|Any CPU
		{16D7CAE2-DB45-488A-A0CD-D573578525FB}.Release|Any CPU.Build.0 = Release|Any CPU
	EndGlobalSection
	GlobalSection(SolutionProperties) = preSolution
		HideSolutionNode = FALSE
	EndGlobalSection
	GlobalSection(ExtensibilityGlobals) = postSolution
		SolutionGuid = {9BA23E1E-F683-480B-B282-C3E423D8BFE8}
	EndGlobalSection
EndGlobal
